
Microsoft Visual Studio Solution File, Format Version 12.00
# Visual Studio Version 17
VisualStudioVersion = 17.11.35222.181
MinimumVisualStudioVersion = 10.0.40219.1
Project("{9A19103F-16F7-4668-BE54-9A1E7A4F7556}") = "OOPsReview", "OOPsReview\OOPsReview.csproj", "{EBC3B6F4-B4AE-44DE-9DEB-A5E28571A643}"
EndProject
Project("{9A19103F-16F7-4668-BE54-9A1E7A4F7556}") = "UnitTestingForSystem", "UnitTestingForSystem\UnitTestingForSystem.csproj", "{FCF26650-1EC9-453F-872B-87771D164B00}"
EndProject
Project("{9A19103F-16F7-4668-BE54-9A1E7A4F7556}") = "TDDUnitTesting", "TDDUnitTesting\TDDUnitTesting.csproj", "{55DC4377-BB82-4E74-A806-4EBEC65EE71C}"
EndProject
Project("{9A19103F-16F7-4668-BE54-9A1E7A4F7556}") = "CollectionQueries", "CollectionQueries\CollectionQueries.csproj", "{18E676AD-5776-4251-A74D-2EBEBEB92F75}"
EndProject
Global
	GlobalSection(SolutionConfigurationPlatforms) = preSolution
		Debug|Any CPU = Debug|Any CPU
		Release|Any CPU = Release|Any CPU
	EndGlobalSection
	GlobalSection(ProjectConfigurationPlatforms) = postSolution
		{EBC3B6F4-B4AE-44DE-9DEB-A5E28571A643}.Debug|Any CPU.ActiveCfg = Debug|Any CPU
		{EBC3B6F4-B4AE-44DE-9DEB-A5E28571A643}.Debug|Any CPU.Build.0 = Debug|Any CPU
		{EBC3B6F4-B4AE-44DE-9DEB-A5E28571A643}.Release|Any CPU.ActiveCfg = Release|Any CPU
		{EBC3B6F4-B4AE-44DE-9DEB-A5E28571A643}.Release|Any CPU.Build.0 = Release|Any CPU
		{FCF26650-1EC9-453F-872B-87771D164B00}.Debug|Any CPU.ActiveCfg = Debug|Any CPU
		{FCF26650-1EC9-453F-872B-87771D164B00}.Debug|Any CPU.Build.0 = Debug|Any CPU
		{FCF26650-1EC9-453F-872B-87771D164B00}.Release|Any CPU.ActiveCfg = Release|Any CPU
		{FCF26650-1EC9-453F-872B-87771D164B00}.Release|Any CPU.Build.0 = Release|Any CPU
		{55DC4377-BB82-4E74-A806-4EBEC65EE71C}.Debug|Any CPU.ActiveCfg = Debug|Any CPU
		{55DC4377-BB82-4E74-A806-4EBEC65EE71C}.Debug|Any CPU.Build.0 = Debug|Any CPU
		{55DC4377-BB82-4E74-A806-4EBEC65EE71C}.Release|Any CPU.ActiveCfg = Release|Any CPU
		{55DC4377-BB82-4E74-A806-4EBEC65EE71C}.Release|Any CPU.Build.0 = Release|Any CPU
		{18E676AD-5776-4251-A74D-2EBEBEB92F75}.Debug|Any CPU.ActiveCfg = Debug|Any CPU
		{18E676AD-5776-4251-A74D-2EBEBEB92F75}.Debug|Any CPU.Build.0 = Debug|Any CPU
		{18E676AD-5776-4251-A74D-2EBEBEB92F75}.Release|Any CPU.ActiveCfg = Release|Any CPU
		{18E676AD-5776-4251-A74D-2EBEBEB92F75}.Release|Any CPU.Build.0 = Release|Any CPU
	EndGlobalSection
	GlobalSection(SolutionProperties) = preSolution
		HideSolutionNode = FALSE
	EndGlobalSection
	GlobalSection(ExtensibilityGlobals) = postSolution
		SolutionGuid = {E29C252B-DA2E-4D47-BE08-466A61FD8F0D}
	EndGlobalSection
EndGlobal
